Microsoft Visual Studio Solution File, Format Version 12.00
# Visual Studio Version 17
VisualStudioVersion = 17.12.35527.113
MinimumVisualStudioVersion = 10.0.40219.1
Project("{FAE04EC0-301F-11D3-BF4B-00C04F79EFBC}") = "MessagingApp", "MessagingApp\MessagingApp.csproj", "{6E6170D0-EB76-479C-A6D9-1785492A536C}"
EndProject
Project("{FAE04EC0-301F-11D3-BF4B-00C04F79EFBC}") = "MessagingApp.Shared", "MessagingApp.Shared\MessagingApp.Shared.csproj", "{96CCA6F9-88B6-47FF-933C-85B56AA8D3C7}"
EndProject
Project("{FAE04EC0-301F-11D3-BF4B-00C04F79EFBC}") = "MessagingApp.Web", "MessagingApp.Web\MessagingApp.Web.csproj", "{FC9BAF62-4FE7-49C4-A199-4E045604207D}"
EndProject
Project("{FAE04EC0-301F-11D3-BF4B-00C04F79EFBC}") = "MessagingApp.Web.Client", "MessagingApp.Web.Client\MessagingApp.Web.Client.csproj", "{C8CD2031-DEC4-4DFB-9525-A1BB87158939}"
EndProject
Global
	GlobalSection(SolutionConfigurationPlatforms) = preSolution
		Debug|Any CPU = Debug|Any CPU
		Release|Any CPU = Release|Any CPU
	EndGlobalSection
	GlobalSection(ProjectConfigurationPlatforms) = postSolution
		{6E6170D0-EB76-479C-A6D9-1785492A536C}.Debug|Any CPU.ActiveCfg = Debug|Any CPU
		{6E6170D0-EB76-479C-A6D9-1785492A536C}.Debug|Any CPU.Build.0 = Debug|Any CPU
		{6E6170D0-EB76-479C-A6D9-1785492A536C}.Release|Any CPU.ActiveCfg = Release|Any CPU
		{6E6170D0-EB76-479C-A6D9-1785492A536C}.Release|Any CPU.Build.0 = Release|Any CPU
		{96CCA6F9-88B6-47FF-933C-85B56AA8D3C7}.Debug|Any CPU.ActiveCfg = Debug|Any CPU
		{96CCA6F9-88B6-47FF-933C-85B56AA8D3C7}.Debug|Any CPU.Build.0 = Debug|Any CPU
		{96CCA6F9-88B6-47FF-933C-85B56AA8D3C7}.Release|Any CPU.ActiveCfg = Release|Any CPU
		{96CCA6F9-88B6-47FF-933C-85B56AA8D3C7}.Release|Any CPU.Build.0 = Release|Any CPU
		{FC9BAF62-4FE7-49C4-A199-4E045604207D}.Debug|Any CPU.ActiveCfg = Debug|Any CPU
		{FC9BAF62-4FE7-49C4-A199-4E045604207D}.Debug|Any CPU.Build.0 = Debug|Any CPU
		{FC9BAF62-4FE7-49C4-A199-4E045604207D}.Release|Any CPU.ActiveCfg = Release|Any CPU
		{FC9BAF62-4FE7-49C4-A199-4E045604207D}.Release|Any CPU.Build.0 = Release|Any CPU
		{C8CD2031-DEC4-4DFB-9525-A1BB87158939}.Debug|Any CPU.ActiveCfg = Debug|Any CPU
		{C8CD2031-DEC4-4DFB-9525-A1BB87158939}.Debug|Any CPU.Build.0 = Debug|Any CPU
		{C8CD2031-DEC4-4DFB-9525-A1BB87158939}.Release|Any CPU.ActiveCfg = Release|Any CPU
		{C8CD2031-DEC4-4DFB-9525-A1BB87158939}.Release|Any CPU.Build.0 = Release|Any CPU
	EndGlobalSection
	GlobalSection(SolutionProperties) = preSolution
		HideSolutionNode = FALSE
	EndGlobalSection
EndGlobal
